
Microsoft Visual Studio Solution File, Format Version 12.00
# Visual Studio Version 17
VisualStudioVersion = 17.0.31903.59
MinimumVisualStudioVersion = 10.0.40219.1
Project("{2150E333-8FDC-42A3-9474-1A3956D46DE8}") = "src", "src", "{827E0CD3-B72D-47B6-A68D-7590B98EB39B}"
EndProject
Project("{FAE04EC0-301F-11D3-BF4B-00C04F79EFBC}") = "THWTicketApp.Shared", "src\THWTicketApp.Shared\THWTicketApp.Shared.csproj", "{F04BCBE7-66C0-4680-B4C2-6E8730A7DAB2}"
EndProject
Project("{FAE04EC0-301F-11D3-BF4B-00C04F79EFBC}") = "THWTicketApp.Web", "src\THWTicketApp.Web\THWTicketApp.Web.csproj", "{084CC0E5-06ED-416D-B85A-7600F202A7E0}"
EndProject
Project("{2150E333-8FDC-42A3-9474-1A3956D46DE8}") = "tests", "tests", "{0AB3BF05-4346-4AA6-1389-037BE0695223}"
EndProject
Project("{FAE04EC0-301F-11D3-BF4B-00C04F79EFBC}") = "THWTicketApp.Tests", "tests\THWTicketApp.Tests\THWTicketApp.Tests.csproj", "{B2551FD3-C3FE-4FE3-928B-4EF80792362A}"
EndProject
Global
	GlobalSection(SolutionConfigurationPlatforms) = preSolution
		Debug|Any CPU = Debug|Any CPU
		Debug|x64 = Debug|x64
		Debug|x86 = Debug|x86
		Release|Any CPU = Release|Any CPU
		Release|x64 = Release|x64
		Release|x86 = Release|x86
	EndGlobalSection
	GlobalSection(ProjectConfigurationPlatforms) = postSolution
		{F04BCBE7-66C0-4680-B4C2-6E8730A7DAB2}.Debug|Any CPU.ActiveCfg = Debug|Any CPU
		{F04BCBE7-66C0-4680-B4C2-6E8730A7DAB2}.Debug|Any CPU.Build.0 = Debug|Any CPU
		{F04BCBE7-66C0-4680-B4C2-6E8730A7DAB2}.Debug|x64.ActiveCfg = Debug|Any CPU
		{F04BCBE7-66C0-4680-B4C2-6E8730A7DAB2}.Debug|x64.Build.0 = Debug|Any CPU
		{F04BCBE7-66C0-4680-B4C2-6E8730A7DAB2}.Debug|x86.ActiveCfg = Debug|Any CPU
		{F04BCBE7-66C0-4680-B4C2-6E8730A7DAB2}.Debug|x86.Build.0 = Debug|Any CPU
		{F04BCBE7-66C0-4680-B4C2-6E8730A7DAB2}.Release|Any CPU.ActiveCfg = Release|Any CPU
		{F04BCBE7-66C0-4680-B4C2-6E8730A7DAB2}.Release|Any CPU.Build.0 = Release|Any CPU
		{F04BCBE7-66C0-4680-B4C2-6E8730A7DAB2}.Release|x64.ActiveCfg = Release|Any CPU
		{F04BCBE7-66C0-4680-B4C2-6E8730A7DAB2}.Release|x64.Build.0 = Release|Any CPU
		{F04BCBE7-66C0-4680-B4C2-6E8730A7DAB2}.Release|x86.ActiveCfg = Release|Any CPU
		{F04BCBE7-66C0-4680-B4C2-6E8730A7DAB2}.Release|x86.Build.0 = Release|Any CPU
		{084CC0E5-06ED-416D-B85A-7600F202A7E0}.Debug|Any CPU.ActiveCfg = Debug|Any CPU
		{084CC0E5-06ED-416D-B85A-7600F202A7E0}.Debug|Any CPU.Build.0 = Debug|Any CPU
		{084CC0E5-06ED-416D-B85A-7600F202A7E0}.Debug|x64.ActiveCfg = Debug|Any CPU
		{084CC0E5-06ED-416D-B85A-7600F202A7E0}.Debug|x64.Build.0 = Debug|Any CPU
		{084CC0E5-06ED-416D-B85A-7600F202A7E0}.Debug|x86.ActiveCfg = Debug|Any CPU
		{084CC0E5-06ED-416D-B85A-7600F202A7E0}.Debug|x86.Build.0 = Debug|Any CPU
		{084CC0E5-06ED-416D-B85A-7600F202A7E0}.Release|Any CPU.ActiveCfg = Release|Any CPU
		{084CC0E5-06ED-416D-B85A-7600F202A7E0}.Release|Any CPU.Build.0 = Release|Any CPU
		{084CC0E5-06ED-416D-B85A-7600F202A7E0}.Release|x64.ActiveCfg = Release|Any CPU
		{084CC0E5-06ED-416D-B85A-7600F202A7E0}.Release|x64.Build.0 = Release|Any CPU
		{084CC0E5-06ED-416D-B85A-7600F202A7E0}.Release|x86.ActiveCfg = Release|Any CPU
		{084CC0E5-06ED-416D-B85A-7600F202A7E0}.Release|x86.Build.0 = Release|Any CPU
		{B2551FD3-C3FE-4FE3-928B-4EF80792362A}.Debug|Any CPU.ActiveCfg = Debug|Any CPU
		{B2551FD3-C3FE-4FE3-928B-4EF80792362A}.Debug|Any CPU.Build.0 = Debug|Any CPU
		{B2551FD3-C3FE-4FE3-928B-4EF80792362A}.Debug|x64.ActiveCfg = Debug|Any CPU
		{B2551FD3-C3FE-4FE3-928B-4EF80792362A}.Debug|x64.Build.0 = Debug|Any CPU
		{B2551FD3-C3FE-4FE3-928B-4EF80792362A}.Debug|x86.ActiveCfg = Debug|Any CPU
		{B2551FD3-C3FE-4FE3-928B-4EF80792362A}.Debug|x86.Build.0 = Debug|Any CPU
		{B2551FD3-C3FE-4FE3-928B-4EF80792362A}.Release|Any CPU.ActiveCfg = Release|Any CPU
		{B2551FD3-C3FE-4FE3-928B-4EF80792362A}.Release|Any CPU.Build.0 = Release|Any CPU
		{B2551FD3-C3FE-4FE3-928B-4EF80792362A}.Release|x64.ActiveCfg = Release|Any CPU
		{B2551FD3-C3FE-4FE3-928B-4EF80792362A}.Release|x64.Build.0 = Release|Any CPU
		{B2551FD3-C3FE-4FE3-928B-4EF80792362A}.Release|x86.ActiveCfg = Release|Any CPU
		{B2551FD3-C3FE-4FE3-928B-4EF80792362A}.Release|x86.Build.0 = Release|Any CPU
	EndGlobalSection
	GlobalSection(SolutionProperties) = preSolution
		HideSolutionNode = FALSE
	EndGlobalSection
	GlobalSection(NestedProjects) = preSolution
		{F04BCBE7-66C0-4680-B4C2-6E8730A7DAB2} = {827E0CD3-B72D-47B6-A68D-7590B98EB39B}
		{084CC0E5-06ED-416D-B85A-7600F202A7E0} = {827E0CD3-B72D-47B6-A68D-7590B98EB39B}
		{B2551FD3-C3FE-4FE3-928B-4EF80792362A} = {0AB3BF05-4346-4AA6-1389-037BE0695223}
	EndGlobalSection
EndGlobal
